
Microsoft Visual Studio Solution File, Format Version 12.00
# Visual Studio Version 17
VisualStudioVersion = 17.0.32126.317
MinimumVisualStudioVersion = 10.0.40219.1
Project("{FAE04EC0-301F-11D3-BF4B-00C04F79EFBC}") = "POOSupermarket", "POOSupermarket\POOSupermarket.csproj", "{3FCA1DFC-E9EF-4FF8-B0BE-36C8154F400F}"
EndProject
Global
	GlobalSection(SolutionConfigurationPlatforms) = preSolution
		Debug|Any CPU = Debug|Any CPU
		Release|Any CPU = Release|Any CPU
	EndGlobalSection
	GlobalSection(ProjectConfigurationPlatforms) = postSolution
		{3FCA1DFC-E9EF-4FF8-B0BE-36C8154F400F}.Debug|Any CPU.ActiveCfg = Debug|Any CPU
		{3FCA1DFC-E9EF-4FF8-B0BE-36C8154F400F}.Debug|Any CPU.Build.0 = Debug|Any CPU
		{3FCA1DFC-E9EF-4FF8-B0BE-36C8154F400F}.Release|Any CPU.ActiveCfg = Release|Any CPU
		{3FCA1DFC-E9EF-4FF8-B0BE-36C8154F400F}.Release|Any CPU.Build.0 = Release|Any CPU
	EndGlobalSection
	GlobalSection(SolutionProperties) = preSolution
		HideSolutionNode = FALSE
	EndGlobalSection
	GlobalSection(ExtensibilityGlobals) = postSolution
		SolutionGuid = {59FCBB22-353D-4FB5-BAC2-41FC3D057F68}
	EndGlobalSection
EndGlobal
